// !$*UTF8*$!
{
	archiveVersion = 1;
	classes = {
	};
	objectVersion = 45;
	objects = {

/* Begin PBXBuildFile section */
		8DD76FB00486AB0100D96B5E /* rule_ctrl.1 in CopyFiles */ = {isa = PBXBuildFile; fileRef = C6A0FF2C0290799A04C91782 /* rule_ctrl.1 */; };
		D025DF26136BB8A500E91CCB /* utest.c in Sources */ = {isa = PBXBuildFile; fileRef = D025DF25136BB8A500E91CCB /* utest.c */; };
		D027247D136A61A80026DCDD /* l_mm.c in Sources */ = {isa = PBXBuildFile; fileRef = D027247C136A61A80026DCDD /* l_mm.c */; };
		D047E3CB136974A1003ED768 /* sysrsc_mgr_private.c in Sources */ = {isa = PBXBuildFile; fileRef = D047E3C9136974A1003ED768 /* sysrsc_mgr_private.c */; };
		D047E3CC136974A1003ED768 /* sysrsc_mgr.c in Sources */ = {isa = PBXBuildFile; fileRef = D047E3CA136974A1003ED768 /* sysrsc_mgr.c */; };
		D047E42713697999003ED768 /* sysfun.c in Sources */ = {isa = PBXBuildFile; fileRef = D047E42613697999003ED768 /* sysfun.c */; };
		D087FCC61352656900936F26 /* rule_ctrl_utest.c in Sources */ = {isa = PBXBuildFile; fileRef = D087FCC51352656900936F26 /* rule_ctrl_utest.c */; };
		D087FD081352756800936F26 /* backdoor_mgr.c in Sources */ = {isa = PBXBuildFile; fileRef = D087FD071352756800936F26 /* backdoor_mgr.c */; };
		D087FD0C1352758300936F26 /* dev_swdrv.c in Sources */ = {isa = PBXBuildFile; fileRef = D087FD0B1352758300936F26 /* dev_swdrv.c */; };
		D087FD0E1352759000936F26 /* stktplg_om.c in Sources */ = {isa = PBXBuildFile; fileRef = D087FD0D1352759000936F26 /* stktplg_om.c */; };
		D087FD101352759900936F26 /* stktplg_pom.c in Sources */ = {isa = PBXBuildFile; fileRef = D087FD0F1352759900936F26 /* stktplg_pom.c */; };
		D0996E79135516D0000E866E /* l_inet.c in Sources */ = {isa = PBXBuildFile; fileRef = D0996E78135516D0000E866E /* l_inet.c */; };
		D0996E7F1355186F000E866E /* l_ipv4v6.c in Sources */ = {isa = PBXBuildFile; fileRef = D0996E7E1355186F000E866E /* l_ipv4v6.c */; };
/* End PBXBuildFile section */

/* Begin PBXCopyFilesBuildPhase section */
		8DD76FAF0486AB0100D96B5E /* CopyFiles */ = {
			isa = PBXCopyFilesBuildPhase;
			buildActionMask = 8;
			dstPath = /usr/share/man/man1/;
			dstSubfolderSpec = 0;
			files = (
				8DD76FB00486AB0100D96B5E /* rule_ctrl.1 in CopyFiles */,
			);
			runOnlyForDeploymentPostprocessing = 1;
		};
/* End PBXCopyFilesBuildPhase section */

/* Begin PBXFileReference section */
		8DD76FB20486AB0100D96B5E /* rule_ctrl */ = {isa = PBXFileReference; explicitFileType = "compiled.mach-o.executable"; includeInIndex = 0; path = rule_ctrl; sourceTree = BUILT_PRODUCTS_DIR; };
		C6A0FF2C0290799A04C91782 /* rule_ctrl.1 */ = {isa = PBXFileReference; lastKnownFileType = text.man; path = rule_ctrl.1; sourceTree = "<group>"; };
		D025DF25136BB8A500E91CCB /* utest.c */ = {isa = PBXFileReference; fileEncoding = 4; lastKnownFileType = sourcecode.c.c; name = utest.c; path = ../../../../../../../src/test/utest.c; sourceTree = SOURCE_ROOT; };
		D027247C136A61A80026DCDD /* l_mm.c */ = {isa = PBXFileReference; fileEncoding = 4; lastKnownFileType = sourcecode.c.c; name = l_mm.c; path = ../../../../../../../src/cmnlib/user/memmgmt/l_mm.c; sourceTree = SOURCE_ROOT; };
		D047E3C9136974A1003ED768 /* sysrsc_mgr_private.c */ = {isa = PBXFileReference; fileEncoding = 4; lastKnownFileType = sourcecode.c.c; name = sysrsc_mgr_private.c; path = ../../../../../../../src/user/core/mgmt/sysrsc/sysrsc_mgr_private.c; sourceTree = SOURCE_ROOT; };
		D047E3CA136974A1003ED768 /* sysrsc_mgr.c */ = {isa = PBXFileReference; fileEncoding = 4; lastKnownFileType = sourcecode.c.c; name = sysrsc_mgr.c; path = ../../../../../../../src/user/core/mgmt/sysrsc/sysrsc_mgr.c; sourceTree = SOURCE_ROOT; };
		D047E42613697999003ED768 /* sysfun.c */ = {isa = PBXFileReference; fileEncoding = 4; lastKnownFileType = sourcecode.c.c; name = sysfun.c; path = ../../../../../../../src/cmnlib/user/kernel/null/sysfun.c; sourceTree = SOURCE_ROOT; };
		D087FCC51352656900936F26 /* rule_ctrl_utest.c */ = {isa = PBXFileReference; fileEncoding = 4; lastKnownFileType = sourcecode.c.c; name = rule_ctrl_utest.c; path = ../../../../../../../src/test/driver/swdrv/marvell/rule_ctrl_utest.c; sourceTree = SOURCE_ROOT; };
		D087FD071352756800936F26 /* backdoor_mgr.c */ = {isa = PBXFileReference; fileEncoding = 4; lastKnownFileType = sourcecode.c.c; name = backdoor_mgr.c; path = ../../../../../../../src/fakelib/backdoor_mgr.c; sourceTree = SOURCE_ROOT; };
		D087FD0B1352758300936F26 /* dev_swdrv.c */ = {isa = PBXFileReference; fileEncoding = 4; lastKnownFileType = sourcecode.c.c; name = dev_swdrv.c; path = ../../../../../../../src/fakelib/dev_swdrv.c; sourceTree = SOURCE_ROOT; };
		D087FD0D1352759000936F26 /* stktplg_om.c */ = {isa = PBXFileReference; fileEncoding = 4; lastKnownFileType = sourcecode.c.c; name = stktplg_om.c; path = ../../../../../../../src/fakelib/stktplg_om.c; sourceTree = SOURCE_ROOT; };
		D087FD0F1352759900936F26 /* stktplg_pom.c */ = {isa = PBXFileReference; fileEncoding = 4; lastKnownFileType = sourcecode.c.c; name = stktplg_pom.c; path = ../../../../../../../src/fakelib/stktplg_pom.c; sourceTree = SOURCE_ROOT; };
		D0996E78135516D0000E866E /* l_inet.c */ = {isa = PBXFileReference; fileEncoding = 4; lastKnownFileType = sourcecode.c.c; name = l_inet.c; path = ../../../../../../../src/cmnlib/common/convert/l_inet.c; sourceTree = SOURCE_ROOT; };
		D0996E7E1355186F000E866E /* l_ipv4v6.c */ = {isa = PBXFileReference; fileEncoding = 4; lastKnownFileType = sourcecode.c.c; name = l_ipv4v6.c; path = ../../../../../../../src/cmnlib/common/convert/l_ipv4v6.c; sourceTree = SOURCE_ROOT; };
/* End PBXFileReference section */

/* Begin PBXFrameworksBuildPhase section */
		8DD76FAD0486AB0100D96B5E /* Frameworks */ = {
			isa = PBXFrameworksBuildPhase;
			buildActionMask = 2147483647;
			files = (
			);
			runOnlyForDeploymentPostprocessing = 0;
		};
/* End PBXFrameworksBuildPhase section */

/* Begin PBXGroup section */
		08FB7794FE84155DC02AAC07 /* rule_ctrl */ = {
			isa = PBXGroup;
			children = (
				08FB7795FE84155DC02AAC07 /* Source */,
				C6A0FF2B0290797F04C91782 /* Documentation */,
				1AB674ADFE9D54B511CA2CBB /* Products */,
			);
			name = rule_ctrl;
			sourceTree = "<group>";
		};
		08FB7795FE84155DC02AAC07 /* Source */ = {
			isa = PBXGroup;
			children = (
				D025DF3E136BBAB500E91CCB /* Lib */,
				D087FCC51352656900936F26 /* rule_ctrl_utest.c */,
			);
			name = Source;
			sourceTree = "<group>";
		};
		1AB674ADFE9D54B511CA2CBB /* Products */ = {
			isa = PBXGroup;
			children = (
				8DD76FB20486AB0100D96B5E /* rule_ctrl */,
			);
			name = Products;
			sourceTree = "<group>";
		};
		C6A0FF2B0290797F04C91782 /* Documentation */ = {
			isa = PBXGroup;
			children = (
				C6A0FF2C0290799A04C91782 /* rule_ctrl.1 */,
			);
			name = Documentation;
			sourceTree = "<group>";
		};
		D025DF3E136BBAB500E91CCB /* Lib */ = {
			isa = PBXGroup;
			children = (
				D047E42613697999003ED768 /* sysfun.c */,
				D047E3C9136974A1003ED768 /* sysrsc_mgr_private.c */,
				D047E3CA136974A1003ED768 /* sysrsc_mgr.c */,
				D0996E7E1355186F000E866E /* l_ipv4v6.c */,
				D0996E78135516D0000E866E /* l_inet.c */,
				D027247C136A61A80026DCDD /* l_mm.c */,
				D087FD0F1352759900936F26 /* stktplg_pom.c */,
				D087FD0D1352759000936F26 /* stktplg_om.c */,
				D087FD0B1352758300936F26 /* dev_swdrv.c */,
				D087FD071352756800936F26 /* backdoor_mgr.c */,
				D025DF25136BB8A500E91CCB /* utest.c */,
			);
			name = Lib;
			sourceTree = "<group>";
		};
/* End PBXGroup section */

/* Begin PBXNativeTarget section */
		8DD76FA90486AB0100D96B5E /* rule_ctrl */ = {
			isa = PBXNativeTarget;
			buildConfigurationList = 1DEB928508733DD80010E9CD /* Build configuration list for PBXNativeTarget "rule_ctrl" */;
			buildPhases = (
				8DD76FAB0486AB0100D96B5E /* Sources */,
				8DD76FAD0486AB0100D96B5E /* Frameworks */,
				8DD76FAF0486AB0100D96B5E /* CopyFiles */,
			);
			buildRules = (
			);
			dependencies = (
			);
			name = rule_ctrl;
			productInstallPath = "$(HOME)/bin";
			productName = rule_ctrl;
			productReference = 8DD76FB20486AB0100D96B5E /* rule_ctrl */;
			productType = "com.apple.product-type.tool";
		};
/* End PBXNativeTarget section */

/* Begin PBXProject section */
		08FB7793FE84155DC02AAC07 /* Project object */ = {
			isa = PBXProject;
			attributes = {
			};
			buildConfigurationList = 1DEB928908733DD80010E9CD /* Build configuration list for PBXProject "rule_ctrl" */;
			compatibilityVersion = "Xcode 3.1";
			developmentRegion = English;
			hasScannedForEncodings = 1;
			knownRegions = (
				English,
				Japanese,
				French,
				German,
			);
			mainGroup = 08FB7794FE84155DC02AAC07 /* rule_ctrl */;
			projectDirPath = "";
			projectRoot = "";
			targets = (
				8DD76FA90486AB0100D96B5E /* rule_ctrl */,
			);
		};
/* End PBXProject section */

/* Begin PBXSourcesBuildPhase section */
		8DD76FAB0486AB0100D96B5E /* Sources */ = {
			isa = PBXSourcesBuildPhase;
			buildActionMask = 2147483647;
			files = (
				D087FCC61352656900936F26 /* rule_ctrl_utest.c in Sources */,
				D087FD081352756800936F26 /* backdoor_mgr.c in Sources */,
				D087FD0C1352758300936F26 /* dev_swdrv.c in Sources */,
				D087FD0E1352759000936F26 /* stktplg_om.c in Sources */,
				D087FD101352759900936F26 /* stktplg_pom.c in Sources */,
				D0996E79135516D0000E866E /* l_inet.c in Sources */,
				D0996E7F1355186F000E866E /* l_ipv4v6.c in Sources */,
				D047E3CB136974A1003ED768 /* sysrsc_mgr_private.c in Sources */,
				D047E3CC136974A1003ED768 /* sysrsc_mgr.c in Sources */,
				D047E42713697999003ED768 /* sysfun.c in Sources */,
				D027247D136A61A80026DCDD /* l_mm.c in Sources */,
				D025DF26136BB8A500E91CCB /* utest.c in Sources */,
			);
			runOnlyForDeploymentPostprocessing = 0;
		};
/* End PBXSourcesBuildPhase section */

/* Begin XCBuildConfiguration section */
		1DEB928608733DD80010E9CD /* Debug */ = {
			isa = XCBuildConfiguration;
			buildSettings = {
				ALWAYS_SEARCH_USER_PATHS = NO;
				ARCHS = "$(ARCHS_STANDARD_32_BIT)";
				COPY_PHASE_STRIP = NO;
				GCC_DYNAMIC_NO_PIC = NO;
				GCC_ENABLE_FIX_AND_CONTINUE = YES;
				GCC_MODEL_TUNING = G5;
				GCC_OPTIMIZATION_LEVEL = 0;
				INSTALL_PATH = /usr/local/bin;
				PRODUCT_NAME = rule_ctrl;
				SDKROOT = macosx10.9;
			};
			name = Debug;
		};
		1DEB928708733DD80010E9CD /* Release */ = {
			isa = XCBuildConfiguration;
			buildSettings = {
				ALWAYS_SEARCH_USER_PATHS = NO;
				ARCHS = "$(ARCHS_STANDARD_32_BIT)";
				DEBUG_INFORMATION_FORMAT = "dwarf-with-dsym";
				GCC_MODEL_TUNING = G5;
				INSTALL_PATH = /usr/local/bin;
				PRODUCT_NAME = rule_ctrl;
				SDKROOT = macosx10.9;
			};
			name = Release;
		};
		1DEB928A08733DD80010E9CD /* Debug */ = {
			isa = XCBuildConfiguration;
			buildSettings = {
				ARCHS = "$(ARCHS_STANDARD_32_64_BIT)";
				GCC_C_LANGUAGE_STANDARD = gnu99;
				GCC_OPTIMIZATION_LEVEL = 0;
				GCC_PREPROCESSOR_DEFINITIONS = "";
				GCC_WARN_ABOUT_RETURN_TYPE = YES;
				GCC_WARN_INHIBIT_ALL_WARNINGS = NO;
				GCC_WARN_UNUSED_VARIABLE = YES;
				HEADER_SEARCH_PATHS = (
					"\"$(SRCROOT)/../../../../../../../src/test\"",
					"\"$(SRCROOT)/../../../../../../../src/sysinclude\"",
					"\"$(SRCROOT)/../../../../../../../src/sysinclude/mibconstants\"",
					"\"$(SRCROOT)/../../../../../../../src/sysinclude/oem/es3510ma_flf_38\"",
					"\"$(SRCROOT)/../../../../../../../src/cmnlib/user/include\"",
					"\"$(SRCROOT)/../../../../../../../src/cmnlib/common/include\"",
					"\"$(SRCROOT)/../../../../../../../src/user/core/mgmt/sysrsc/include\"",
					"\"$(SRCROOT)/../../../../../../../src/test/core/mgmt/sysrsc\"",
					"\"$(SRCROOT)/../../../../../../../src/kernel/driver/dev_driver/marvell/cpss_3.4\"/**",
					"\"$(SRCROOT)/../../../../../../../src/user/driver/devdrv/include\"",
					"\"$(SRCROOT)/../../../../../../../src/user/driver/devdrv/include/marvell\"",
					"\"$(SRCROOT)/../../../../../../../src/user/driver/swdrv/include\"",
					"\"$(SRCROOT)/../../../../../../../src/user/driver/swdrv/marvell\"",
					"\"$(SRCROOT)/../../../../../../../src/user/driver/swdrv\"",
					"\"$(SRCROOT)/../../../../../../../src/user/core/qos_v2/include\"",
					"\"$(SRCROOT)/../../../../../../../src/fakelib\"",
				);
				ONLY_ACTIVE_ARCH = YES;
				PREBINDING = NO;
				SDKROOT = macosx10.6;
			};
			name = Debug;
		};
		1DEB928B08733DD80010E9CD /* Release */ = {
			isa = XCBuildConfiguration;
			buildSettings = {
				ARCHS = "$(ARCHS_STANDARD_32_64_BIT)";
				GCC_C_LANGUAGE_STANDARD = gnu99;
				GCC_PREPROCESSOR_DEFINITIONS = "";
				GCC_WARN_ABOUT_RETURN_TYPE = YES;
				GCC_WARN_INHIBIT_ALL_WARNINGS = NO;
				GCC_WARN_UNUSED_VARIABLE = YES;
				HEADER_SEARCH_PATHS = (
					"\"$(SRCROOT)/../../../../../../../src/test\"",
					"\"$(SRCROOT)/../../../../../../../src/sysinclude\"",
					"\"$(SRCROOT)/../../../../../../../src/sysinclude/mibconstants\"",
					"\"$(SRCROOT)/../../../../../../../src/sysinclude/oem/es3510ma_flf_38\"",
					"\"$(SRCROOT)/../../../../../../../src/cmnlib/user/include\"",
					"\"$(SRCROOT)/../../../../../../../src/cmnlib/common/include\"",
					"\"$(SRCROOT)/../../../../../../../src/user/core/mgmt/sysrsc/include\"",
					"\"$(SRCROOT)/../../../../../../../src/test/core/mgmt/sysrsc\"",
					"\"$(SRCROOT)/../../../../../../../src/kernel/driver/dev_driver/marvell/cpss_3.4\"/**",
					"\"$(SRCROOT)/../../../../../../../src/user/driver/devdrv/include\"",
					"\"$(SRCROOT)/../../../../../../../src/user/driver/devdrv/include/marvell\"",
					"\"$(SRCROOT)/../../../../../../../src/user/driver/swdrv/include\"",
					"\"$(SRCROOT)/../../../../../../../src/user/driver/swdrv/marvell\"",
					"\"$(SRCROOT)/../../../../../../../src/user/driver/swdrv\"",
					"\"$(SRCROOT)/../../../../../../../src/user/core/qos_v2/include\"",
					"\"$(SRCROOT)/../../../../../../../src/fakelib\"",
				);
				PREBINDING = NO;
				SDKROOT = macosx10.6;
			};
			name = Release;
		};
/* End XCBuildConfiguration section */

/* Begin XCConfigurationList section */
		1DEB928508733DD80010E9CD /* Build configuration list for PBXNativeTarget "rule_ctrl" */ = {
			isa = XCConfigurationList;
			buildConfigurations = (
				1DEB928608733DD80010E9CD /* Debug */,
				1DEB928708733DD80010E9CD /* Release */,
			);
			defaultConfigurationIsVisible = 0;
			defaultConfigurationName = Release;
		};
		1DEB928908733DD80010E9CD /* Build configuration list for PBXProject "rule_ctrl" */ = {
			isa = XCConfigurationList;
			buildConfigurations = (
				1DEB928A08733DD80010E9CD /* Debug */,
				1DEB928B08733DD80010E9CD /* Release */,
			);
			defaultConfigurationIsVisible = 0;
			defaultConfigurationName = Release;
		};
/* End XCConfigurationList section */
	};
	rootObject = 08FB7793FE84155DC02AAC07 /* Project object */;
}
